// !$*UTF8*$!
{
	archiveVersion = 1;
	classes = {
	};
	objectVersion = 46;
	objects = {

/* Begin PBXBuildFile section */
		3952E5B71DF869390019DF1C /* PerJobViewController.swift in Sources */ = {isa = PBXBuildFile; fileRef = 3952E5B61DF869390019DF1C /* PerJobViewController.swift */; };
		3991DB4A1DF8EEE5002070B0 /* ToJobSearchSegue.swift in Sources */ = {isa = PBXBuildFile; fileRef = 3991DB491DF8EEE5002070B0 /* ToJobSearchSegue.swift */; };
		3991DB4E1DF9FC89002070B0 /* ToPerJobSegue.swift in Sources */ = {isa = PBXBuildFile; fileRef = 3991DB4D1DF9FC89002070B0 /* ToPerJobSegue.swift */; };
		39BE42CC1DF4DB1500B2733B /* AppDelegate.swift in Sources */ = {isa = PBXBuildFile; fileRef = 39BE42CB1DF4DB1500B2733B /* AppDelegate.swift */; };
		39BE42CE1DF4DB1500B2733B /* JobsViewController.swift in Sources */ = {isa = PBXBuildFile; fileRef = 39BE42CD1DF4DB1500B2733B /* JobsViewController.swift */; };
		39BE42D31DF4DB1500B2733B /* Main.storyboard in Resources */ = {isa = PBXBuildFile; fileRef = 39BE42D11DF4DB1500B2733B /* Main.storyboard */; };
		39BE42D51DF4DB1500B2733B /* Assets.xcassets in Resources */ = {isa = PBXBuildFile; fileRef = 39BE42D41DF4DB1500B2733B /* Assets.xcassets */; };
		39BE42D81DF4DB1500B2733B /* LaunchScreen.storyboard in Resources */ = {isa = PBXBuildFile; fileRef = 39BE42D61DF4DB1500B2733B /* LaunchScreen.storyboard */; };
		39BE42E21DF7812800B2733B /* Helper.swift in Sources */ = {isa = PBXBuildFile; fileRef = 39BE42E11DF7812800B2733B /* Helper.swift */; };
		39BE42E41DF781E800B2733B /* JobSearchViewController.swift in Sources */ = {isa = PBXBuildFile; fileRef = 39BE42E31DF781E800B2733B /* JobSearchViewController.swift */; };
		39BE42E61DF7B1D000B2733B /* FilterViewController.swift in Sources */ = {isa = PBXBuildFile; fileRef = 39BE42E51DF7B1D000B2733B /* FilterViewController.swift */; };
/* End PBXBuildFile section */

/* Begin PBXFileReference section */
		3952E5B61DF869390019DF1C /* PerJobViewController.swift */ = {isa = PBXFileReference; fileEncoding = 4; lastKnownFileType = sourcecode.swift; path = PerJobViewController.swift; sourceTree = "<group>"; };
		3991DB491DF8EEE5002070B0 /* ToJobSearchSegue.swift */ = {isa = PBXFileReference; fileEncoding = 4; lastKnownFileType = sourcecode.swift; path = ToJobSearchSegue.swift; sourceTree = "<group>"; };
		3991DB4D1DF9FC89002070B0 /* ToPerJobSegue.swift */ = {isa = PBXFileReference; fileEncoding = 4; lastKnownFileType = sourcecode.swift; path = ToPerJobSegue.swift; sourceTree = "<group>"; };
		39BE42C81DF4DB1500B2733B /* ezMoney.app */ = {isa = PBXFileReference; explicitFileType = wrapper.application; includeInIndex = 0; path = ezMoney.app; sourceTree = BUILT_PRODUCTS_DIR; };
		39BE42CB1DF4DB1500B2733B /* AppDelegate.swift */ = {isa = PBXFileReference; lastKnownFileType = sourcecode.swift; path = AppDelegate.swift; sourceTree = "<group>"; };
		39BE42CD1DF4DB1500B2733B /* JobsViewController.swift */ = {isa = PBXFileReference; lastKnownFileType = sourcecode.swift; path = JobsViewController.swift; sourceTree = "<group>"; };
		39BE42D21DF4DB1500B2733B /* Base */ = {isa = PBXFileReference; lastKnownFileType = file.storyboard; name = Base; path = Base.lproj/Main.storyboard; sourceTree = "<group>"; };
		39BE42D41DF4DB1500B2733B /* Assets.xcassets */ = {isa = PBXFileReference; lastKnownFileType = folder.assetcatalog; path = Assets.xcassets; sourceTree = "<group>"; };
		39BE42D71DF4DB1500B2733B /* Base */ = {isa = PBXFileReference; lastKnownFileType = file.storyboard; name = Base; path = Base.lproj/LaunchScreen.storyboard; sourceTree = "<group>"; };
		39BE42D91DF4DB1500B2733B /* Info.plist */ = {isa = PBXFileReference; lastKnownFileType = text.plist.xml; path = Info.plist; sourceTree = "<group>"; };
		39BE42E11DF7812800B2733B /* Helper.swift */ = {isa = PBXFileReference; fileEncoding = 4; lastKnownFileType = sourcecode.swift; path = Helper.swift; sourceTree = "<group>"; };
		39BE42E31DF781E800B2733B /* JobSearchViewController.swift */ = {isa = PBXFileReference; fileEncoding = 4; lastKnownFileType = sourcecode.swift; path = JobSearchViewController.swift; sourceTree = "<group>"; };
		39BE42E51DF7B1D000B2733B /* FilterViewController.swift */ = {isa = PBXFileReference; fileEncoding = 4; lastKnownFileType = sourcecode.swift; path = FilterViewController.swift; sourceTree = "<group>"; };
/* End PBXFileReference section */

/* Begin PBXFrameworksBuildPhase section */
		39BE42C51DF4DB1500B2733B /* Frameworks */ = {
			isa = PBXFrameworksBuildPhase;
			buildActionMask = 2147483647;
			files = (
			);
			runOnlyForDeploymentPostprocessing = 0;
		};
/* End PBXFrameworksBuildPhase section */

/* Begin PBXGroup section */
		39BE42BF1DF4DB1500B2733B = {
			isa = PBXGroup;
			children = (
				39BE42CA1DF4DB1500B2733B /* ezMoney */,
				39BE42C91DF4DB1500B2733B /* Products */,
			);
			sourceTree = "<group>";
		};
		39BE42C91DF4DB1500B2733B /* Products */ = {
			isa = PBXGroup;
			children = (
				39BE42C81DF4DB1500B2733B /* ezMoney.app */,
			);
			name = Products;
			sourceTree = "<group>";
		};
		39BE42CA1DF4DB1500B2733B /* ezMoney */ = {
			isa = PBXGroup;
			children = (
				39BE42CB1DF4DB1500B2733B /* AppDelegate.swift */,
				39BE42CD1DF4DB1500B2733B /* JobsViewController.swift */,
				39BE42D11DF4DB1500B2733B /* Main.storyboard */,
				39BE42D41DF4DB1500B2733B /* Assets.xcassets */,
				39BE42D61DF4DB1500B2733B /* LaunchScreen.storyboard */,
				39BE42D91DF4DB1500B2733B /* Info.plist */,
				39BE42E11DF7812800B2733B /* Helper.swift */,
				39BE42E31DF781E800B2733B /* JobSearchViewController.swift */,
				39BE42E51DF7B1D000B2733B /* FilterViewController.swift */,
				3952E5B61DF869390019DF1C /* PerJobViewController.swift */,
				3991DB491DF8EEE5002070B0 /* ToJobSearchSegue.swift */,
				3991DB4D1DF9FC89002070B0 /* ToPerJobSegue.swift */,
			);
			path = ezMoney;
			sourceTree = "<group>";
		};
/* End PBXGroup section */

/* Begin PBXNativeTarget section */
		39BE42C71DF4DB1500B2733B /* ezMoney */ = {
			isa = PBXNativeTarget;
			buildConfigurationList = 39BE42DC1DF4DB1500B2733B /* Build configuration list for PBXNativeTarget "ezMoney" */;
			buildPhases = (
				39BE42C41DF4DB1500B2733B /* Sources */,
				39BE42C51DF4DB1500B2733B /* Frameworks */,
				39BE42C61DF4DB1500B2733B /* Resources */,
			);
			buildRules = (
			);
			dependencies = (
			);
			name = ezMoney;
			productName = ezMoney;
			productReference = 39BE42C81DF4DB1500B2733B /* ezMoney.app */;
			productType = "com.apple.product-type.application";
		};
/* End PBXNativeTarget section */

/* Begin PBXProject section */
		39BE42C01DF4DB1500B2733B /* Project object */ = {
			isa = PBXProject;
			attributes = {
				LastSwiftUpdateCheck = 0810;
				LastUpgradeCheck = 0810;
				ORGANIZATIONNAME = "Ian Li";
				TargetAttributes = {
					39BE42C71DF4DB1500B2733B = {
						CreatedOnToolsVersion = 8.1;
						DevelopmentTeam = EBCXQT3Z9Y;
						ProvisioningStyle = Automatic;
					};
				};
			};
			buildConfigurationList = 39BE42C31DF4DB1500B2733B /* Build configuration list for PBXProject "ezMoney" */;
			compatibilityVersion = "Xcode 3.2";
			developmentRegion = English;
			hasScannedForEncodings = 0;
			knownRegions = (
				en,
				Base,
			);
			mainGroup = 39BE42BF1DF4DB1500B2733B;
			productRefGroup = 39BE42C91DF4DB1500B2733B /* Products */;
			projectDirPath = "";
			projectRoot = "";
			targets = (
				39BE42C71DF4DB1500B2733B /* ezMoney */,
			);
		};
/* End PBXProject section */

/* Begin PBXResourcesBuildPhase section */
		39BE42C61DF4DB1500B2733B /* Resources */ = {
			isa = PBXResourcesBuildPhase;
			buildActionMask = 2147483647;
			files = (
				39BE42D81DF4DB1500B2733B /* LaunchScreen.storyboard in Resources */,
				39BE42D51DF4DB1500B2733B /* Assets.xcassets in Resources */,
				39BE42D31DF4DB1500B2733B /* Main.storyboard in Resources */,
			);
			runOnlyForDeploymentPostprocessing = 0;
		};
/* End PBXResourcesBuildPhase section */

/* Begin PBXSourcesBuildPhase section */
		39BE42C41DF4DB1500B2733B /* Sources */ = {
			isa = PBXSourcesBuildPhase;
			buildActionMask = 2147483647;
			files = (
				39BE42E41DF781E800B2733B /* JobSearchViewController.swift in Sources */,
				39BE42CC1DF4DB1500B2733B /* AppDelegate.swift in Sources */,
				3952E5B71DF869390019DF1C /* PerJobViewController.swift in Sources */,
				39BE42CE1DF4DB1500B2733B /* JobsViewController.swift in Sources */,
				3991DB4E1DF9FC89002070B0 /* ToPerJobSegue.swift in Sources */,
				39BE42E21DF7812800B2733B /* Helper.swift in Sources */,
				3991DB4A1DF8EEE5002070B0 /* ToJobSearchSegue.swift in Sources */,
				39BE42E61DF7B1D000B2733B /* FilterViewController.swift in Sources */,
			);
			runOnlyForDeploymentPostprocessing = 0;
		};
/* End PBXSourcesBuildPhase section */

/* Begin PBXVariantGroup section */
		39BE42D11DF4DB1500B2733B /* Main.storyboard */ = {
			isa = PBXVariantGroup;
			children = (
				39BE42D21DF4DB1500B2733B /* Base */,
			);
			name = Main.storyboard;
			sourceTree = "<group>";
		};
		39BE42D61DF4DB1500B2733B /* LaunchScreen.storyboard */ = {
			isa = PBXVariantGroup;
			children = (
				39BE42D71DF4DB1500B2733B /* Base */,
			);
			name = LaunchScreen.storyboard;
			sourceTree = "<group>";
		};
/* End PBXVariantGroup section */

/* Begin XCBuildConfiguration section */
		39BE42DA1DF4DB1500B2733B /* Debug */ = {
			isa = XCBuildConfiguration;
			buildSettings = {
				ALWAYS_SEARCH_USER_PATHS = NO;
				CLANG_ANALYZER_NONNULL = YES;
				CLANG_CXX_LANGUAGE_STANDARD = "gnu++0x";
				CLANG_CXX_LIBRARY = "libc++";
				CLANG_ENABLE_MODULES = YES;
				CLANG_ENABLE_OBJC_ARC = YES;
				CLANG_WARN_BOOL_CONVERSION = YES;
				CLANG_WARN_CONSTANT_CONVERSION = YES;
				CLANG_WARN_DIRECT_OBJC_ISA_USAGE = YES_ERROR;
				CLANG_WARN_DOCUMENTATION_COMMENTS = YES;
				CLANG_WARN_EMPTY_BODY = YES;
				CLANG_WARN_ENUM_CONVERSION = YES;
				CLANG_WARN_INFINITE_RECURSION = YES;
				CLANG_WARN_INT_CONVERSION = YES;
				CLANG_WARN_OBJC_ROOT_CLASS = YES_ERROR;
				CLANG_WARN_SUSPICIOUS_MOVES = YES;
				CLANG_WARN_UNREACHABLE_CODE = YES;
				CLANG_WARN__DUPLICATE_METHOD_MATCH = YES;
				"CODE_SIGN_IDENTITY[sdk=iphoneos*]" = "iPhone Developer";
				COPY_PHASE_STRIP = NO;
				DEBUG_INFORMATION_FORMAT = dwarf;
				ENABLE_STRICT_OBJC_MSGSEND = YES;
				ENABLE_TESTABILITY = YES;
				GCC_C_LANGUAGE_STANDARD = gnu99;
				GCC_DYNAMIC_NO_PIC = NO;
				GCC_NO_COMMON_BLOCKS = YES;
				GCC_OPTIMIZATION_LEVEL = 0;
				GCC_PREPROCESSOR_DEFINITIONS = (
					"DEBUG=1",
					"$(inherited)",
				);
				GCC_WARN_64_TO_32_BIT_CONVERSION = YES;
				GCC_WARN_ABOUT_RETURN_TYPE = YES_ERROR;
				GCC_WARN_UNDECLARED_SELECTOR = YES;
				GCC_WARN_UNINITIALIZED_AUTOS = YES_AGGRESSIVE;
				GCC_WARN_UNUSED_FUNCTION = YES;
				GCC_WARN_UNUSED_VARIABLE = YES;
				IPHONEOS_DEPLOYMENT_TARGET = 10.1;
				MTL_ENABLE_DEBUG_INFO = YES;
				ONLY_ACTIVE_ARCH = YES;
				SDKROOT = iphoneos;
				SWIFT_ACTIVE_COMPILATION_CONDITIONS = DEBUG;
				SWIFT_OPTIMIZATION_LEVEL = "-Onone";
			};
			name = Debug;
		};
		39BE42DB1DF4DB1500B2733B /* Release */ = {
			isa = XCBuildConfiguration;
			buildSettings = {
				ALWAYS_SEARCH_USER_PATHS = NO;
				CLANG_ANALYZER_NONNULL = YES;
				CLANG_CXX_LANGUAGE_STANDARD = "gnu++0x";
				CLANG_CXX_LIBRARY = "libc++";
				CLANG_ENABLE_MODULES = YES;
				CLANG_ENABLE_OBJC_ARC = YES;
				CLANG_WARN_BOOL_CONVERSION = YES;
				CLANG_WARN_CONSTANT_CONVERSION = YES;
				CLANG_WARN_DIRECT_OBJC_ISA_USAGE = YES_ERROR;
				CLANG_WARN_DOCUMENTATION_COMMENTS = YES;
				CLANG_WARN_EMPTY_BODY = YES;
				CLANG_WARN_ENUM_CONVERSION = YES;
				CLANG_WARN_INFINITE_RECURSION = YES;
				CLANG_WARN_INT_CONVERSION = YES;
				CLANG_WARN_OBJC_ROOT_CLASS = YES_ERROR;
				CLANG_WARN_SUSPICIOUS_MOVES = YES;
				CLANG_WARN_UNREACHABLE_CODE = YES;
				CLANG_WARN__DUPLICATE_METHOD_MATCH = YES;
				"CODE_SIGN_IDENTITY[sdk=iphoneos*]" = "iPhone Developer";
				COPY_PHASE_STRIP = NO;
				DEBUG_INFORMATION_FORMAT = "dwarf-with-dsym";
				ENABLE_NS_ASSERTIONS = NO;
				ENABLE_STRICT_OBJC_MSGSEND = YES;
				GCC_C_LANGUAGE_STANDARD = gnu99;
				GCC_NO_COMMON_BLOCKS = YES;
				GCC_WARN_64_TO_32_BIT_CONVERSION = YES;
				GCC_WARN_ABOUT_RETURN_TYPE = YES_ERROR;
				GCC_WARN_UNDECLARED_SELECTOR = YES;
				GCC_WARN_UNINITIALIZED_AUTOS = YES_AGGRESSIVE;
				GCC_WARN_UNUSED_FUNCTION = YES;
				GCC_WARN_UNUSED_VARIABLE = YES;
				IPHONEOS_DEPLOYMENT_TARGET = 10.1;
				MTL_ENABLE_DEBUG_INFO = NO;
				SDKROOT = iphoneos;
				SWIFT_OPTIMIZATION_LEVEL = "-Owholemodule";
				VALIDATE_PRODUCT = YES;
			};
			name = Release;
		};
		39BE42DD1DF4DB1500B2733B /* Debug */ = {
			isa = XCBuildConfiguration;
			buildSettings = {
				ASSETCATALOG_COMPILER_APPICON_NAME = AppIcon;
				DEVELOPMENT_TEAM = EBCXQT3Z9Y;
				INFOPLIST_FILE = ezMoney/Info.plist;
				LD_RUNPATH_SEARCH_PATHS = "$(inherited) @executable_path/Frameworks";
				PRODUCT_BUNDLE_IDENTIFIER = www.jack.com.ezMoney;
				PRODUCT_NAME = "$(TARGET_NAME)";
				SWIFT_VERSION = 3.0;
			};
			name = Debug;
		};
		39BE42DE1DF4DB1500B2733B /* Release */ = {
			isa = XCBuildConfiguration;
			buildSettings = {
				ASSETCATALOG_COMPILER_APPICON_NAME = AppIcon;
				DEVELOPMENT_TEAM = EBCXQT3Z9Y;
				INFOPLIST_FILE = ezMoney/Info.plist;
				LD_RUNPATH_SEARCH_PATHS = "$(inherited) @executable_path/Frameworks";
				PRODUCT_BUNDLE_IDENTIFIER = www.jack.com.ezMoney;
				PRODUCT_NAME = "$(TARGET_NAME)";
				SWIFT_VERSION = 3.0;
			};
			name = Release;
		};
/* End XCBuildConfiguration section */

/* Begin XCConfigurationList section */
		39BE42C31DF4DB1500B2733B /* Build configuration list for PBXProject "ezMoney" */ = {
			isa = XCConfigurationList;
			buildConfigurations = (
				39BE42DA1DF4DB1500B2733B /* Debug */,
				39BE42DB1DF4DB1500B2733B /* Release */,
			);
			defaultConfigurationIsVisible = 0;
			defaultConfigurationName = Release;
		};
		39BE42DC1DF4DB1500B2733B /* Build configuration list for PBXNativeTarget "ezMoney" */ = {
			isa = XCConfigurationList;
			buildConfigurations = (
				39BE42DD1DF4DB1500B2733B /* Debug */,
				39BE42DE1DF4DB1500B2733B /* Release */,
			);
			defaultConfigurationIsVisible = 0;
			defaultConfigurationName = Release;
		};
/* End XCConfigurationList section */
	};
	rootObject = 39BE42C01DF4DB1500B2733B /* Project object */;
}
